
Microsoft Visual Studio Solution File, Format Version 12.00
# Visual Studio 15
VisualStudioVersion = 15.0.26124.0
MinimumVisualStudioVersion = 15.0.26124.0
Project("{9A19103F-16F7-4668-BE54-9A1E7A4F7556}") = "UserInterface", "UserInterface\UserInterface.csproj", "{B40169F1-B3B3-4108-A8C6-AC6F406E4580}"
	ProjectSection(ProjectDependencies) = postProject
		{55DFCC20-79E8-496D-B56F-306983B03C0F} = {55DFCC20-79E8-496D-B56F-306983B03C0F}
	EndProjectSection
EndProject
Project("{9A19103F-16F7-4668-BE54-9A1E7A4F7556}") = "Algorithms", "Algorithms\Algorithms.csproj", "{EF5B4452-52C4-479D-AD6D-EB2D5B4AE556}"
EndProject
Project("{9A19103F-16F7-4668-BE54-9A1E7A4F7556}") = "AlgorithmsTests", "AlgorithmsTests\AlgorithmsTests.csproj", "{B94744C1-6CA1-4FC9-99F7-26588168D441}"
EndProject
Project("{FAE04EC0-301F-11D3-BF4B-00C04F79EFBC}") = "colGraphReader", "colGraphReader\colGraphReader.csproj", "{55DFCC20-79E8-496D-B56F-306983B03C0F}"
EndProject
Global
	GlobalSection(SolutionConfigurationPlatforms) = preSolution
		Debug|Any CPU = Debug|Any CPU
		Release|Any CPU = Release|Any CPU
	EndGlobalSection
	GlobalSection(ProjectConfigurationPlatforms) = postSolution
		{B40169F1-B3B3-4108-A8C6-AC6F406E4580}.Debug|Any CPU.ActiveCfg = Debug|Any CPU
		{B40169F1-B3B3-4108-A8C6-AC6F406E4580}.Debug|Any CPU.Build.0 = Debug|Any CPU
		{B40169F1-B3B3-4108-A8C6-AC6F406E4580}.Release|Any CPU.ActiveCfg = Release|Any CPU
		{B40169F1-B3B3-4108-A8C6-AC6F406E4580}.Release|Any CPU.Build.0 = Release|Any CPU
		{EF5B4452-52C4-479D-AD6D-EB2D5B4AE556}.Debug|Any CPU.ActiveCfg = Debug|Any CPU
		{EF5B4452-52C4-479D-AD6D-EB2D5B4AE556}.Debug|Any CPU.Build.0 = Debug|Any CPU
		{EF5B4452-52C4-479D-AD6D-EB2D5B4AE556}.Release|Any CPU.ActiveCfg = Release|Any CPU
		{EF5B4452-52C4-479D-AD6D-EB2D5B4AE556}.Release|Any CPU.Build.0 = Release|Any CPU
		{B94744C1-6CA1-4FC9-99F7-26588168D441}.Debug|Any CPU.ActiveCfg = Debug|Any CPU
		{B94744C1-6CA1-4FC9-99F7-26588168D441}.Debug|Any CPU.Build.0 = Debug|Any CPU
		{B94744C1-6CA1-4FC9-99F7-26588168D441}.Release|Any CPU.ActiveCfg = Release|Any CPU
		{B94744C1-6CA1-4FC9-99F7-26588168D441}.Release|Any CPU.Build.0 = Release|Any CPU
		{55DFCC20-79E8-496D-B56F-306983B03C0F}.Debug|Any CPU.ActiveCfg = Debug|Any CPU
		{55DFCC20-79E8-496D-B56F-306983B03C0F}.Debug|Any CPU.Build.0 = Debug|Any CPU
		{55DFCC20-79E8-496D-B56F-306983B03C0F}.Release|Any CPU.ActiveCfg = Release|Any CPU
		{55DFCC20-79E8-496D-B56F-306983B03C0F}.Release|Any CPU.Build.0 = Release|Any CPU
	EndGlobalSection
	GlobalSection(SolutionProperties) = preSolution
		HideSolutionNode = FALSE
	EndGlobalSection
	GlobalSection(ExtensibilityGlobals) = postSolution
		SolutionGuid = {647F9A2C-FCED-4A95-A28B-9EA29EBDFBB3}
	EndGlobalSection
EndGlobal
